
Microsoft Visual Studio Solution File, Format Version 12.00
# Visual Studio 14
VisualStudioVersion = 14.0.22823.1
MinimumVisualStudioVersion = 10.0.40219.1
Project("{FAE04EC0-301F-11D3-BF4B-00C04F79EFBC}") = "HTree Fractal Generation", "HTree Fractal Generation\HTree Fractal Generation.csproj", "{B713F35D-DF28-41F6-89E9-8840D48B6A76}"
EndProject
Global
	GlobalSection(SolutionConfigurationPlatforms) = preSolution
		Debug|Any CPU = Debug|Any CPU
		Development|Any CPU = Development|Any CPU
		Release|Any CPU = Release|Any CPU
	EndGlobalSection
	GlobalSection(ProjectConfigurationPlatforms) = postSolution
		{B713F35D-DF28-41F6-89E9-8840D48B6A76}.Debug|Any CPU.ActiveCfg = Debug|Any CPU
		{B713F35D-DF28-41F6-89E9-8840D48B6A76}.Debug|Any CPU.Build.0 = Debug|Any CPU
		{B713F35D-DF28-41F6-89E9-8840D48B6A76}.Development|Any CPU.ActiveCfg = Development|Any CPU
		{B713F35D-DF28-41F6-89E9-8840D48B6A76}.Development|Any CPU.Build.0 = Development|Any CPU
		{B713F35D-DF28-41F6-89E9-8840D48B6A76}.Release|Any CPU.ActiveCfg = Release|Any CPU
		{B713F35D-DF28-41F6-89E9-8840D48B6A76}.Release|Any CPU.Build.0 = Release|Any CPU
	EndGlobalSection
	GlobalSection(SolutionProperties) = preSolution
		HideSolutionNode = FALSE
	EndGlobalSection
EndGlobal
